
Microsoft Visual Studio Solution File, Format Version 12.00
# Visual Studio 15
VisualStudioVersion = 15.0.26430.12
MinimumVisualStudioVersion = 10.0.40219.1
Project("{FAE04EC0-301F-11D3-BF4B-00C04F79EFBC}") = "DroneLander.Android", "DroneLander\DroneLander.Android\DroneLander.Android.csproj", "{A1D5B806-C3C6-4F09-B8B0-F0E62E0F879A}"
EndProject
Project("{FAE04EC0-301F-11D3-BF4B-00C04F79EFBC}") = "DroneLander", "DroneLander\DroneLander\DroneLander.csproj", "{F2CEDA2C-D918-4809-9A08-7076A7F30288}"
EndProject
Project("{FAE04EC0-301F-11D3-BF4B-00C04F79EFBC}") = "DroneLander.UWP", "DroneLander\DroneLander.UWP\DroneLander.UWP.csproj", "{6D4EFE76-4298-4083-BCBF-16F99B2F748C}"
EndProject
Project("{FAE04EC0-301F-11D3-BF4B-00C04F79EFBC}") = "DroneLander.iOS", "DroneLander\DroneLander.iOS\DroneLander.iOS.csproj", "{B7FAD4C7-5044-4BAF-9A2A-2C4DA8F570B6}"
EndProject
Global
	GlobalSection(SolutionConfigurationPlatforms) = preSolution
		Ad-Hoc|Any CPU = Ad-Hoc|Any CPU
		Ad-Hoc|ARM = Ad-Hoc|ARM
		Ad-Hoc|iPhone = Ad-Hoc|iPhone
		Ad-Hoc|iPhoneSimulator = Ad-Hoc|iPhoneSimulator
		Ad-Hoc|x64 = Ad-Hoc|x64
		Ad-Hoc|x86 = Ad-Hoc|x86
		AppStore|Any CPU = AppStore|Any CPU
		AppStore|ARM = AppStore|ARM
		AppStore|iPhone = AppStore|iPhone
		AppStore|iPhoneSimulator = AppStore|iPhoneSimulator
		AppStore|x64 = AppStore|x64
		AppStore|x86 = AppStore|x86
		Debug|Any CPU = Debug|Any CPU
		Debug|ARM = Debug|ARM
		Debug|iPhone = Debug|iPhone
		Debug|iPhoneSimulator = Debug|iPhoneSimulator
		Debug|x64 = Debug|x64
		Debug|x86 = Debug|x86
		Release|Any CPU = Release|Any CPU
		Release|ARM = Release|ARM
		Release|iPhone = Release|iPhone
		Release|iPhoneSimulator = Release|iPhoneSimulator
		Release|x64 = Release|x64
		Release|x86 = Release|x86
	EndGlobalSection
	GlobalSection(ProjectConfigurationPlatforms) = postSolution
		{A1D5B806-C3C6-4F09-B8B0-F0E62E0F879A}.Ad-Hoc|Any CPU.ActiveCfg = Release|Any CPU
		{A1D5B806-C3C6-4F09-B8B0-F0E62E0F879A}.Ad-Hoc|Any CPU.Build.0 = Release|Any CPU
		{A1D5B806-C3C6-4F09-B8B0-F0E62E0F879A}.Ad-Hoc|Any CPU.Deploy.0 = Release|Any CPU
		{A1D5B806-C3C6-4F09-B8B0-F0E62E0F879A}.Ad-Hoc|ARM.ActiveCfg = Release|Any CPU
		{A1D5B806-C3C6-4F09-B8B0-F0E62E0F879A}.Ad-Hoc|ARM.Build.0 = Release|Any CPU
		{A1D5B806-C3C6-4F09-B8B0-F0E62E0F879A}.Ad-Hoc|ARM.Deploy.0 = Release|Any CPU
		{A1D5B806-C3C6-4F09-B8B0-F0E62E0F879A}.Ad-Hoc|iPhone.ActiveCfg = Release|Any CPU
		{A1D5B806-C3C6-4F09-B8B0-F0E62E0F879A}.Ad-Hoc|iPhone.Build.0 = Release|Any CPU
		{A1D5B806-C3C6-4F09-B8B0-F0E62E0F879A}.Ad-Hoc|iPhone.Deploy.0 = Release|Any CPU
		{A1D5B806-C3C6-4F09-B8B0-F0E62E0F879A}.Ad-Hoc|iPhoneSimulator.ActiveCfg = Release|Any CPU
		{A1D5B806-C3C6-4F09-B8B0-F0E62E0F879A}.Ad-Hoc|iPhoneSimulator.Build.0 = Release|Any CPU
		{A1D5B806-C3C6-4F09-B8B0-F0E62E0F879A}.Ad-Hoc|iPhoneSimulator.Deploy.0 = Release|Any CPU
		{A1D5B806-C3C6-4F09-B8B0-F0E62E0F879A}.Ad-Hoc|x64.ActiveCfg = Release|Any CPU
		{A1D5B806-C3C6-4F09-B8B0-F0E62E0F879A}.Ad-Hoc|x64.Build.0 = Release|Any CPU
		{A1D5B806-C3C6-4F09-B8B0-F0E62E0F879A}.Ad-Hoc|x64.Deploy.0 = Release|Any CPU
		{A1D5B806-C3C6-4F09-B8B0-F0E62E0F879A}.Ad-Hoc|x86.ActiveCfg = Release|Any CPU
		{A1D5B806-C3C6-4F09-B8B0-F0E62E0F879A}.Ad-Hoc|x86.Build.0 = Release|Any CPU
		{A1D5B806-C3C6-4F09-B8B0-F0E62E0F879A}.Ad-Hoc|x86.Deploy.0 = Release|Any CPU
		{A1D5B806-C3C6-4F09-B8B0-F0E62E0F879A}.AppStore|Any CPU.ActiveCfg = Release|Any CPU
		{A1D5B806-C3C6-4F09-B8B0-F0E62E0F879A}.AppStore|Any CPU.Build.0 = Release|Any CPU
		{A1D5B806-C3C6-4F09-B8B0-F0E62E0F879A}.AppStore|Any CPU.Deploy.0 = Release|Any CPU
		{A1D5B806-C3C6-4F09-B8B0-F0E62E0F879A}.AppStore|ARM.ActiveCfg = Release|Any CPU
		{A1D5B806-C3C6-4F09-B8B0-F0E62E0F879A}.AppStore|ARM.Build.0 = Release|Any CPU
		{A1D5B806-C3C6-4F09-B8B0-F0E62E0F879A}.AppStore|ARM.Deploy.0 = Release|Any CPU
		{A1D5B806-C3C6-4F09-B8B0-F0E62E0F879A}.AppStore|iPhone.ActiveCfg = Release|Any CPU
		{A1D5B806-C3C6-4F09-B8B0-F0E62E0F879A}.AppStore|iPhone.Build.0 = Release|Any CPU
		{A1D5B806-C3C6-4F09-B8B0-F0E62E0F879A}.AppStore|iPhone.Deploy.0 = Release|Any CPU
		{A1D5B806-C3C6-4F09-B8B0-F0E62E0F879A}.AppStore|iPhoneSimulator.ActiveCfg = Release|Any CPU
		{A1D5B806-C3C6-4F09-B8B0-F0E62E0F879A}.AppStore|iPhoneSimulator.Build.0 = Release|Any CPU
		{A1D5B806-C3C6-4F09-B8B0-F0E62E0F879A}.AppStore|iPhoneSimulator.Deploy.0 = Release|Any CPU
		{A1D5B806-C3C6-4F09-B8B0-F0E62E0F879A}.AppStore|x64.ActiveCfg = Release|Any CPU
		{A1D5B806-C3C6-4F09-B8B0-F0E62E0F879A}.AppStore|x64.Build.0 = Release|Any CPU
		{A1D5B806-C3C6-4F09-B8B0-F0E62E0F879A}.AppStore|x64.Deploy.0 = Release|Any CPU
		{A1D5B806-C3C6-4F09-B8B0-F0E62E0F879A}.AppStore|x86.ActiveCfg = Release|Any CPU
		{A1D5B806-C3C6-4F09-B8B0-F0E62E0F879A}.AppStore|x86.Build.0 = Release|Any CPU
		{A1D5B806-C3C6-4F09-B8B0-F0E62E0F879A}.AppStore|x86.Deploy.0 = Release|Any CPU
		{A1D5B806-C3C6-4F09-B8B0-F0E62E0F879A}.Debug|Any CPU.ActiveCfg = Debug|Any CPU
		{A1D5B806-C3C6-4F09-B8B0-F0E62E0F879A}.Debug|Any CPU.Build.0 = Debug|Any CPU
		{A1D5B806-C3C6-4F09-B8B0-F0E62E0F879A}.Debug|Any CPU.Deploy.0 = Debug|Any CPU
		{A1D5B806-C3C6-4F09-B8B0-F0E62E0F879A}.Debug|ARM.ActiveCfg = Debug|Any CPU
		{A1D5B806-C3C6-4F09-B8B0-F0E62E0F879A}.Debug|ARM.Build.0 = Debug|Any CPU
		{A1D5B806-C3C6-4F09-B8B0-F0E62E0F879A}.Debug|ARM.Deploy.0 = Debug|Any CPU
		{A1D5B806-C3C6-4F09-B8B0-F0E62E0F879A}.Debug|iPhone.ActiveCfg = Debug|Any CPU
		{A1D5B806-C3C6-4F09-B8B0-F0E62E0F879A}.Debug|iPhone.Build.0 = Debug|Any CPU
		{A1D5B806-C3C6-4F09-B8B0-F0E62E0F879A}.Debug|iPhone.Deploy.0 = Debug|Any CPU
		{A1D5B806-C3C6-4F09-B8B0-F0E62E0F879A}.Debug|iPhoneSimulator.ActiveCfg = Debug|Any CPU
		{A1D5B806-C3C6-4F09-B8B0-F0E62E0F879A}.Debug|iPhoneSimulator.Build.0 = Debug|Any CPU
		{A1D5B806-C3C6-4F09-B8B0-F0E62E0F879A}.Debug|iPhoneSimulator.Deploy.0 = Debug|Any CPU
		{A1D5B806-C3C6-4F09-B8B0-F0E62E0F879A}.Debug|x64.ActiveCfg = Debug|Any CPU
		{A1D5B806-C3C6-4F09-B8B0-F0E62E0F879A}.Debug|x64.Build.0 = Debug|Any CPU
		{A1D5B806-C3C6-4F09-B8B0-F0E62E0F879A}.Debug|x64.Deploy.0 = Debug|Any CPU
		{A1D5B806-C3C6-4F09-B8B0-F0E62E0F879A}.Debug|x86.ActiveCfg = Debug|Any CPU
		{A1D5B806-C3C6-4F09-B8B0-F0E62E0F879A}.Debug|x86.Build.0 = Debug|Any CPU
		{A1D5B806-C3C6-4F09-B8B0-F0E62E0F879A}.Debug|x86.Deploy.0 = Debug|Any CPU
		{A1D5B806-C3C6-4F09-B8B0-F0E62E0F879A}.Release|Any CPU.ActiveCfg = Release|Any CPU
		{A1D5B806-C3C6-4F09-B8B0-F0E62E0F879A}.Release|Any CPU.Build.0 = Release|Any CPU
		{A1D5B806-C3C6-4F09-B8B0-F0E62E0F879A}.Release|Any CPU.Deploy.0 = Release|Any CPU
		{A1D5B806-C3C6-4F09-B8B0-F0E62E0F879A}.Release|ARM.ActiveCfg = Release|Any CPU
		{A1D5B806-C3C6-4F09-B8B0-F0E62E0F879A}.Release|ARM.Build.0 = Release|Any CPU
		{A1D5B806-C3C6-4F09-B8B0-F0E62E0F879A}.Release|ARM.Deploy.0 = Release|Any CPU
		{A1D5B806-C3C6-4F09-B8B0-F0E62E0F879A}.Release|iPhone.ActiveCfg = Release|Any CPU
		{A1D5B806-C3C6-4F09-B8B0-F0E62E0F879A}.Release|iPhone.Build.0 = Release|Any CPU
		{A1D5B806-C3C6-4F09-B8B0-F0E62E0F879A}.Release|iPhone.Deploy.0 = Release|Any CPU
		{A1D5B806-C3C6-4F09-B8B0-F0E62E0F879A}.Release|iPhoneSimulator.ActiveCfg = Release|Any CPU
		{A1D5B806-C3C6-4F09-B8B0-F0E62E0F879A}.Release|iPhoneSimulator.Build.0 = Release|Any CPU
		{A1D5B806-C3C6-4F09-B8B0-F0E62E0F879A}.Release|iPhoneSimulator.Deploy.0 = Release|Any CPU
		{A1D5B806-C3C6-4F09-B8B0-F0E62E0F879A}.Release|x64.ActiveCfg = Release|Any CPU
		{A1D5B806-C3C6-4F09-B8B0-F0E62E0F879A}.Release|x64.Build.0 = Release|Any CPU
		{A1D5B806-C3C6-4F09-B8B0-F0E62E0F879A}.Release|x64.Deploy.0 = Release|Any CPU
		{A1D5B806-C3C6-4F09-B8B0-F0E62E0F879A}.Release|x86.ActiveCfg = Release|Any CPU
		{A1D5B806-C3C6-4F09-B8B0-F0E62E0F879A}.Release|x86.Build.0 = Release|Any CPU
		{A1D5B806-C3C6-4F09-B8B0-F0E62E0F879A}.Release|x86.Deploy.0 = Release|Any CPU
		{F2CEDA2C-D918-4809-9A08-7076A7F30288}.Ad-Hoc|Any CPU.ActiveCfg = Release|Any CPU
		{F2CEDA2C-D918-4809-9A08-7076A7F30288}.Ad-Hoc|Any CPU.Build.0 = Release|Any CPU
		{F2CEDA2C-D918-4809-9A08-7076A7F30288}.Ad-Hoc|ARM.ActiveCfg = Release|Any CPU
		{F2CEDA2C-D918-4809-9A08-7076A7F30288}.Ad-Hoc|ARM.Build.0 = Release|Any CPU
		{F2CEDA2C-D918-4809-9A08-7076A7F30288}.Ad-Hoc|iPhone.ActiveCfg = Release|Any CPU
		{F2CEDA2C-D918-4809-9A08-7076A7F30288}.Ad-Hoc|iPhone.Build.0 = Release|Any CPU
		{F2CEDA2C-D918-4809-9A08-7076A7F30288}.Ad-Hoc|iPhoneSimulator.ActiveCfg = Release|Any CPU
		{F2CEDA2C-D918-4809-9A08-7076A7F30288}.Ad-Hoc|iPhoneSimulator.Build.0 = Release|Any CPU
		{F2CEDA2C-D918-4809-9A08-7076A7F30288}.Ad-Hoc|x64.ActiveCfg = Release|Any CPU
		{F2CEDA2C-D918-4809-9A08-7076A7F30288}.Ad-Hoc|x64.Build.0 = Release|Any CPU
		{F2CEDA2C-D918-4809-9A08-7076A7F30288}.Ad-Hoc|x86.ActiveCfg = Release|Any CPU
		{F2CEDA2C-D918-4809-9A08-7076A7F30288}.Ad-Hoc|x86.Build.0 = Release|Any CPU
		{F2CEDA2C-D918-4809-9A08-7076A7F30288}.AppStore|Any CPU.ActiveCfg = Release|Any CPU
		{F2CEDA2C-D918-4809-9A08-7076A7F30288}.AppStore|Any CPU.Build.0 = Release|Any CPU
		{F2CEDA2C-D918-4809-9A08-7076A7F30288}.AppStore|ARM.ActiveCfg = Release|Any CPU
		{F2CEDA2C-D918-4809-9A08-7076A7F30288}.AppStore|ARM.Build.0 = Release|Any CPU
		{F2CEDA2C-D918-4809-9A08-7076A7F30288}.AppStore|iPhone.ActiveCfg = Release|Any CPU
		{F2CEDA2C-D918-4809-9A08-7076A7F30288}.AppStore|iPhone.Build.0 = Release|Any CPU
		{F2CEDA2C-D918-4809-9A08-7076A7F30288}.AppStore|iPhoneSimulator.ActiveCfg = Release|Any CPU
		{F2CEDA2C-D918-4809-9A08-7076A7F30288}.AppStore|iPhoneSimulator.Build.0 = Release|Any CPU
		{F2CEDA2C-D918-4809-9A08-7076A7F30288}.AppStore|x64.ActiveCfg = Release|Any CPU
		{F2CEDA2C-D918-4809-9A08-7076A7F30288}.AppStore|x64.Build.0 = Release|Any CPU
		{F2CEDA2C-D918-4809-9A08-7076A7F30288}.AppStore|x86.ActiveCfg = Release|Any CPU
		{F2CEDA2C-D918-4809-9A08-7076A7F30288}.AppStore|x86.Build.0 = Release|Any CPU
		{F2CEDA2C-D918-4809-9A08-7076A7F30288}.Debug|Any CPU.ActiveCfg = Debug|Any CPU
		{F2CEDA2C-D918-4809-9A08-7076A7F30288}.Debug|Any CPU.Build.0 = Debug|Any CPU
		{F2CEDA2C-D918-4809-9A08-7076A7F30288}.Debug|ARM.ActiveCfg = Debug|Any CPU
		{F2CEDA2C-D918-4809-9A08-7076A7F30288}.Debug|ARM.Build.0 = Debug|Any CPU
		{F2CEDA2C-D918-4809-9A08-7076A7F30288}.Debug|iPhone.ActiveCfg = Debug|Any CPU
		{F2CEDA2C-D918-4809-9A08-7076A7F30288}.Debug|iPhone.Build.0 = Debug|Any CPU
		{F2CEDA2C-D918-4809-9A08-7076A7F30288}.Debug|iPhoneSimulator.ActiveCfg = Debug|Any CPU
		{F2CEDA2C-D918-4809-9A08-7076A7F30288}.Debug|iPhoneSimulator.Build.0 = Debug|Any CPU
		{F2CEDA2C-D918-4809-9A08-7076A7F30288}.Debug|x64.ActiveCfg = Debug|Any CPU
		{F2CEDA2C-D918-4809-9A08-7076A7F30288}.Debug|x64.Build.0 = Debug|Any CPU
		{F2CEDA2C-D918-4809-9A08-7076A7F30288}.Debug|x86.ActiveCfg = Debug|Any CPU
		{F2CEDA2C-D918-4809-9A08-7076A7F30288}.Debug|x86.Build.0 = Debug|Any CPU
		{F2CEDA2C-D918-4809-9A08-7076A7F30288}.Release|Any CPU.ActiveCfg = Release|Any CPU
		{F2CEDA2C-D918-4809-9A08-7076A7F30288}.Release|Any CPU.Build.0 = Release|Any CPU
		{F2CEDA2C-D918-4809-9A08-7076A7F30288}.Release|ARM.ActiveCfg = Release|Any CPU
		{F2CEDA2C-D918-4809-9A08-7076A7F30288}.Release|ARM.Build.0 = Release|Any CPU
		{F2CEDA2C-D918-4809-9A08-7076A7F30288}.Release|iPhone.ActiveCfg = Release|Any CPU
		{F2CEDA2C-D918-4809-9A08-7076A7F30288}.Release|iPhone.Build.0 = Release|Any CPU
		{F2CEDA2C-D918-4809-9A08-7076A7F30288}.Release|iPhoneSimulator.ActiveCfg = Release|Any CPU
		{F2CEDA2C-D918-4809-9A08-7076A7F30288}.Release|iPhoneSimulator.Build.0 = Release|Any CPU
		{F2CEDA2C-D918-4809-9A08-7076A7F30288}.Release|x64.ActiveCfg = Release|Any CPU
		{F2CEDA2C-D918-4809-9A08-7076A7F30288}.Release|x64.Build.0 = Release|Any CPU
		{F2CEDA2C-D918-4809-9A08-7076A7F30288}.Release|x86.ActiveCfg = Release|Any CPU
		{F2CEDA2C-D918-4809-9A08-7076A7F30288}.Release|x86.Build.0 = Release|Any CPU
		{6D4EFE76-4298-4083-BCBF-16F99B2F748C}.Ad-Hoc|Any CPU.ActiveCfg = Release|x86
		{6D4EFE76-4298-4083-BCBF-16F99B2F748C}.Ad-Hoc|Any CPU.Build.0 = Release|x86
		{6D4EFE76-4298-4083-BCBF-16F99B2F748C}.Ad-Hoc|Any CPU.Deploy.0 = Release|x86
		{6D4EFE76-4298-4083-BCBF-16F99B2F748C}.Ad-Hoc|ARM.ActiveCfg = Release|ARM
		{6D4EFE76-4298-4083-BCBF-16F99B2F748C}.Ad-Hoc|ARM.Build.0 = Release|ARM
		{6D4EFE76-4298-4083-BCBF-16F99B2F748C}.Ad-Hoc|ARM.Deploy.0 = Release|ARM
		{6D4EFE76-4298-4083-BCBF-16F99B2F748C}.Ad-Hoc|iPhone.ActiveCfg = Release|x86
		{6D4EFE76-4298-4083-BCBF-16F99B2F748C}.Ad-Hoc|iPhone.Build.0 = Release|x86
		{6D4EFE76-4298-4083-BCBF-16F99B2F748C}.Ad-Hoc|iPhone.Deploy.0 = Release|x86
		{6D4EFE76-4298-4083-BCBF-16F99B2F748C}.Ad-Hoc|iPhoneSimulator.ActiveCfg = Release|x86
		{6D4EFE76-4298-4083-BCBF-16F99B2F748C}.Ad-Hoc|iPhoneSimulator.Build.0 = Release|x86
		{6D4EFE76-4298-4083-BCBF-16F99B2F748C}.Ad-Hoc|iPhoneSimulator.Deploy.0 = Release|x86
		{6D4EFE76-4298-4083-BCBF-16F99B2F748C}.Ad-Hoc|x64.ActiveCfg = Release|x64
		{6D4EFE76-4298-4083-BCBF-16F99B2F748C}.Ad-Hoc|x64.Build.0 = Release|x64
		{6D4EFE76-4298-4083-BCBF-16F99B2F748C}.Ad-Hoc|x64.Deploy.0 = Release|x64
		{6D4EFE76-4298-4083-BCBF-16F99B2F748C}.Ad-Hoc|x86.ActiveCfg = Release|x86
		{6D4EFE76-4298-4083-BCBF-16F99B2F748C}.Ad-Hoc|x86.Build.0 = Release|x86
		{6D4EFE76-4298-4083-BCBF-16F99B2F748C}.Ad-Hoc|x86.Deploy.0 = Release|x86
		{6D4EFE76-4298-4083-BCBF-16F99B2F748C}.AppStore|Any CPU.ActiveCfg = Release|x86
		{6D4EFE76-4298-4083-BCBF-16F99B2F748C}.AppStore|Any CPU.Build.0 = Release|x86
		{6D4EFE76-4298-4083-BCBF-16F99B2F748C}.AppStore|Any CPU.Deploy.0 = Release|x86
		{6D4EFE76-4298-4083-BCBF-16F99B2F748C}.AppStore|ARM.ActiveCfg = Release|ARM
		{6D4EFE76-4298-4083-BCBF-16F99B2F748C}.AppStore|ARM.Build.0 = Release|ARM
		{6D4EFE76-4298-4083-BCBF-16F99B2F748C}.AppStore|ARM.Deploy.0 = Release|ARM
		{6D4EFE76-4298-4083-BCBF-16F99B2F748C}.AppStore|iPhone.ActiveCfg = Release|x86
		{6D4EFE76-4298-4083-BCBF-16F99B2F748C}.AppStore|iPhone.Build.0 = Release|x86
		{6D4EFE76-4298-4083-BCBF-16F99B2F748C}.AppStore|iPhone.Deploy.0 = Release|x86
		{6D4EFE76-4298-4083-BCBF-16F99B2F748C}.AppStore|iPhoneSimulator.ActiveCfg = Release|x86
		{6D4EFE76-4298-4083-BCBF-16F99B2F748C}.AppStore|iPhoneSimulator.Build.0 = Release|x86
		{6D4EFE76-4298-4083-BCBF-16F99B2F748C}.AppStore|iPhoneSimulator.Deploy.0 = Release|x86
		{6D4EFE76-4298-4083-BCBF-16F99B2F748C}.AppStore|x64.ActiveCfg = Release|x64
		{6D4EFE76-4298-4083-BCBF-16F99B2F748C}.AppStore|x64.Build.0 = Release|x64
		{6D4EFE76-4298-4083-BCBF-16F99B2F748C}.AppStore|x64.Deploy.0 = Release|x64
		{6D4EFE76-4298-4083-BCBF-16F99B2F748C}.AppStore|x86.ActiveCfg = Release|x86
		{6D4EFE76-4298-4083-BCBF-16F99B2F748C}.AppStore|x86.Build.0 = Release|x86
		{6D4EFE76-4298-4083-BCBF-16F99B2F748C}.AppStore|x86.Deploy.0 = Release|x86
		{6D4EFE76-4298-4083-BCBF-16F99B2F748C}.Debug|Any CPU.ActiveCfg = Debug|x86
		{6D4EFE76-4298-4083-BCBF-16F99B2F748C}.Debug|Any CPU.Build.0 = Debug|x86
		{6D4EFE76-4298-4083-BCBF-16F99B2F748C}.Debug|Any CPU.Deploy.0 = Debug|x86
		{6D4EFE76-4298-4083-BCBF-16F99B2F748C}.Debug|ARM.ActiveCfg = Debug|ARM
		{6D4EFE76-4298-4083-BCBF-16F99B2F748C}.Debug|ARM.Build.0 = Debug|ARM
		{6D4EFE76-4298-4083-BCBF-16F99B2F748C}.Debug|ARM.Deploy.0 = Debug|ARM
		{6D4EFE76-4298-4083-BCBF-16F99B2F748C}.Debug|iPhone.ActiveCfg = Debug|x86
		{6D4EFE76-4298-4083-BCBF-16F99B2F748C}.Debug|iPhoneSimulator.ActiveCfg = Debug|x86
		{6D4EFE76-4298-4083-BCBF-16F99B2F748C}.Debug|x64.ActiveCfg = Debug|x64
		{6D4EFE76-4298-4083-BCBF-16F99B2F748C}.Debug|x64.Build.0 = Debug|x64
		{6D4EFE76-4298-4083-BCBF-16F99B2F748C}.Debug|x64.Deploy.0 = Debug|x64
		{6D4EFE76-4298-4083-BCBF-16F99B2F748C}.Debug|x86.ActiveCfg = Debug|x86
		{6D4EFE76-4298-4083-BCBF-16F99B2F748C}.Debug|x86.Build.0 = Debug|x86
		{6D4EFE76-4298-4083-BCBF-16F99B2F748C}.Debug|x86.Deploy.0 = Debug|x86
		{6D4EFE76-4298-4083-BCBF-16F99B2F748C}.Release|Any CPU.ActiveCfg = Release|x86
		{6D4EFE76-4298-4083-BCBF-16F99B2F748C}.Release|Any CPU.Build.0 = Release|x86
		{6D4EFE76-4298-4083-BCBF-16F99B2F748C}.Release|Any CPU.Deploy.0 = Release|x86
		{6D4EFE76-4298-4083-BCBF-16F99B2F748C}.Release|ARM.ActiveCfg = Release|ARM
		{6D4EFE76-4298-4083-BCBF-16F99B2F748C}.Release|ARM.Build.0 = Release|ARM
		{6D4EFE76-4298-4083-BCBF-16F99B2F748C}.Release|ARM.Deploy.0 = Release|ARM
		{6D4EFE76-4298-4083-BCBF-16F99B2F748C}.Release|iPhone.ActiveCfg = Release|x86
		{6D4EFE76-4298-4083-BCBF-16F99B2F748C}.Release|iPhoneSimulator.ActiveCfg = Release|x86
		{6D4EFE76-4298-4083-BCBF-16F99B2F748C}.Release|x64.ActiveCfg = Release|x64
		{6D4EFE76-4298-4083-BCBF-16F99B2F748C}.Release|x64.Build.0 = Release|x64
		{6D4EFE76-4298-4083-BCBF-16F99B2F748C}.Release|x64.Deploy.0 = Release|x64
		{6D4EFE76-4298-4083-BCBF-16F99B2F748C}.Release|x86.ActiveCfg = Release|x86
		{6D4EFE76-4298-4083-BCBF-16F99B2F748C}.Release|x86.Build.0 = Release|x86
		{6D4EFE76-4298-4083-BCBF-16F99B2F748C}.Release|x86.Deploy.0 = Release|x86
		{B7FAD4C7-5044-4BAF-9A2A-2C4DA8F570B6}.Ad-Hoc|Any CPU.ActiveCfg = Ad-Hoc|iPhone
		{B7FAD4C7-5044-4BAF-9A2A-2C4DA8F570B6}.Ad-Hoc|ARM.ActiveCfg = Ad-Hoc|iPhone
		{B7FAD4C7-5044-4BAF-9A2A-2C4DA8F570B6}.Ad-Hoc|iPhone.ActiveCfg = Ad-Hoc|iPhone
		{B7FAD4C7-5044-4BAF-9A2A-2C4DA8F570B6}.Ad-Hoc|iPhone.Build.0 = Ad-Hoc|iPhone
		{B7FAD4C7-5044-4BAF-9A2A-2C4DA8F570B6}.Ad-Hoc|iPhoneSimulator.ActiveCfg = Ad-Hoc|iPhoneSimulator
		{B7FAD4C7-5044-4BAF-9A2A-2C4DA8F570B6}.Ad-Hoc|iPhoneSimulator.Build.0 = Ad-Hoc|iPhoneSimulator
		{B7FAD4C7-5044-4BAF-9A2A-2C4DA8F570B6}.Ad-Hoc|x64.ActiveCfg = Ad-Hoc|iPhone
		{B7FAD4C7-5044-4BAF-9A2A-2C4DA8F570B6}.Ad-Hoc|x86.ActiveCfg = Ad-Hoc|iPhone
		{B7FAD4C7-5044-4BAF-9A2A-2C4DA8F570B6}.AppStore|Any CPU.ActiveCfg = AppStore|iPhone
		{B7FAD4C7-5044-4BAF-9A2A-2C4DA8F570B6}.AppStore|ARM.ActiveCfg = AppStore|iPhone
		{B7FAD4C7-5044-4BAF-9A2A-2C4DA8F570B6}.AppStore|iPhone.ActiveCfg = AppStore|iPhone
		{B7FAD4C7-5044-4BAF-9A2A-2C4DA8F570B6}.AppStore|iPhone.Build.0 = AppStore|iPhone
		{B7FAD4C7-5044-4BAF-9A2A-2C4DA8F570B6}.AppStore|iPhoneSimulator.ActiveCfg = AppStore|iPhoneSimulator
		{B7FAD4C7-5044-4BAF-9A2A-2C4DA8F570B6}.AppStore|iPhoneSimulator.Build.0 = AppStore|iPhoneSimulator
		{B7FAD4C7-5044-4BAF-9A2A-2C4DA8F570B6}.AppStore|x64.ActiveCfg = AppStore|iPhone
		{B7FAD4C7-5044-4BAF-9A2A-2C4DA8F570B6}.AppStore|x86.ActiveCfg = AppStore|iPhone
		{B7FAD4C7-5044-4BAF-9A2A-2C4DA8F570B6}.Debug|Any CPU.ActiveCfg = Debug|iPhone
		{B7FAD4C7-5044-4BAF-9A2A-2C4DA8F570B6}.Debug|ARM.ActiveCfg = Debug|iPhone
		{B7FAD4C7-5044-4BAF-9A2A-2C4DA8F570B6}.Debug|iPhone.ActiveCfg = Debug|iPhone
		{B7FAD4C7-5044-4BAF-9A2A-2C4DA8F570B6}.Debug|iPhone.Build.0 = Debug|iPhone
		{B7FAD4C7-5044-4BAF-9A2A-2C4DA8F570B6}.Debug|iPhoneSimulator.ActiveCfg = Debug|iPhoneSimulator
		{B7FAD4C7-5044-4BAF-9A2A-2C4DA8F570B6}.Debug|iPhoneSimulator.Build.0 = Debug|iPhoneSimulator
		{B7FAD4C7-5044-4BAF-9A2A-2C4DA8F570B6}.Debug|x64.ActiveCfg = Debug|iPhone
		{B7FAD4C7-5044-4BAF-9A2A-2C4DA8F570B6}.Debug|x86.ActiveCfg = Debug|iPhone
		{B7FAD4C7-5044-4BAF-9A2A-2C4DA8F570B6}.Release|Any CPU.ActiveCfg = Release|iPhone
		{B7FAD4C7-5044-4BAF-9A2A-2C4DA8F570B6}.Release|ARM.ActiveCfg = Release|iPhone
		{B7FAD4C7-5044-4BAF-9A2A-2C4DA8F570B6}.Release|iPhone.ActiveCfg = Release|iPhone
		{B7FAD4C7-5044-4BAF-9A2A-2C4DA8F570B6}.Release|iPhone.Build.0 = Release|iPhone
		{B7FAD4C7-5044-4BAF-9A2A-2C4DA8F570B6}.Release|iPhoneSimulator.ActiveCfg = Release|iPhoneSimulator
		{B7FAD4C7-5044-4BAF-9A2A-2C4DA8F570B6}.Release|iPhoneSimulator.Build.0 = Release|iPhoneSimulator
		{B7FAD4C7-5044-4BAF-9A2A-2C4DA8F570B6}.Release|x64.ActiveCfg = Release|iPhone
		{B7FAD4C7-5044-4BAF-9A2A-2C4DA8F570B6}.Release|x86.ActiveCfg = Release|iPhone
	EndGlobalSection
	GlobalSection(SolutionProperties) = preSolution
		HideSolutionNode = FALSE
	EndGlobalSection
EndGlobal
